// !$*UTF8*$!
{
	archiveVersion = 1;
	classes = {
	};
	objectVersion = 55;
	objects = {

/* Begin PBXBuildFile section */
		1815DADF28AD09FD00E637C0 /* AppDelegate.swift in Sources */ = {isa = PBXBuildFile; fileRef = 1815DADE28AD09FD00E637C0 /* AppDelegate.swift */; };
		1815DAE128AD09FD00E637C0 /* SceneDelegate.swift in Sources */ = {isa = PBXBuildFile; fileRef = 1815DAE028AD09FD00E637C0 /* SceneDelegate.swift */; };
		1815DAE328AD09FD00E637C0 /* ViewController.swift in Sources */ = {isa = PBXBuildFile; fileRef = 1815DAE228AD09FD00E637C0 /* ViewController.swift */; };
		1815DAE628AD09FD00E637C0 /* Main.storyboard in Resources */ = {isa = PBXBuildFile; fileRef = 1815DAE428AD09FD00E637C0 /* Main.storyboard */; };
		1815DAE928AD09FD00E637C0 /* ProtocolDataBinding.xcdatamodeld in Sources */ = {isa = PBXBuildFile; fileRef = 1815DAE728AD09FD00E637C0 /* ProtocolDataBinding.xcdatamodeld */; };
		1815DAEB28AD09FF00E637C0 /* Assets.xcassets in Resources */ = {isa = PBXBuildFile; fileRef = 1815DAEA28AD09FF00E637C0 /* Assets.xcassets */; };
		1815DAEE28AD09FF00E637C0 /* LaunchScreen.storyboard in Resources */ = {isa = PBXBuildFile; fileRef = 1815DAEC28AD09FF00E637C0 /* LaunchScreen.storyboard */; };
		1815DAF928AD09FF00E637C0 /* ProtocolDataBindingTests.swift in Sources */ = {isa = PBXBuildFile; fileRef = 1815DAF828AD09FF00E637C0 /* ProtocolDataBindingTests.swift */; };
		1815DB0328AD09FF00E637C0 /* ProtocolDataBindingUITests.swift in Sources */ = {isa = PBXBuildFile; fileRef = 1815DB0228AD09FF00E637C0 /* ProtocolDataBindingUITests.swift */; };
		1815DB0528AD09FF00E637C0 /* ProtocolDataBindingUITestsLaunchTests.swift in Sources */ = {isa = PBXBuildFile; fileRef = 1815DB0428AD09FF00E637C0 /* ProtocolDataBindingUITestsLaunchTests.swift */; };
		1815DB1228AD0A3300E637C0 /* DetayVCViewController.swift in Sources */ = {isa = PBXBuildFile; fileRef = 1815DB1128AD0A3300E637C0 /* DetayVCViewController.swift */; };
		1815DB1428AD0C2700E637C0 /* Protocols.swift in Sources */ = {isa = PBXBuildFile; fileRef = 1815DB1328AD0C2700E637C0 /* Protocols.swift */; };
/* End PBXBuildFile section */

/* Begin PBXContainerItemProxy section */
		1815DAF528AD09FF00E637C0 /* PBXContainerItemProxy */ = {
			isa = PBXContainerItemProxy;
			containerPortal = 1815DAD328AD09FD00E637C0 /* Project object */;
			proxyType = 1;
			remoteGlobalIDString = 1815DADA28AD09FD00E637C0;
			remoteInfo = ProtocolDataBinding;
		};
		1815DAFF28AD09FF00E637C0 /* PBXContainerItemProxy */ = {
			isa = PBXContainerItemProxy;
			containerPortal = 1815DAD328AD09FD00E637C0 /* Project object */;
			proxyType = 1;
			remoteGlobalIDString = 1815DADA28AD09FD00E637C0;
			remoteInfo = ProtocolDataBinding;
		};
/* End PBXContainerItemProxy section */

/* Begin PBXFileReference section */
		1815DADB28AD09FD00E637C0 /* ProtocolDataBinding.app */ = {isa = PBXFileReference; explicitFileType = wrapper.application; includeInIndex = 0; path = ProtocolDataBinding.app; sourceTree = BUILT_PRODUCTS_DIR; };
		1815DADE28AD09FD00E637C0 /* AppDelegate.swift */ = {isa = PBXFileReference; lastKnownFileType = sourcecode.swift; path = AppDelegate.swift; sourceTree = "<group>"; };
		1815DAE028AD09FD00E637C0 /* SceneDelegate.swift */ = {isa = PBXFileReference; lastKnownFileType = sourcecode.swift; path = SceneDelegate.swift; sourceTree = "<group>"; };
		1815DAE228AD09FD00E637C0 /* ViewController.swift */ = {isa = PBXFileReference; lastKnownFileType = sourcecode.swift; path = ViewController.swift; sourceTree = "<group>"; };
		1815DAE528AD09FD00E637C0 /* Base */ = {isa = PBXFileReference; lastKnownFileType = file.storyboard; name = Base; path = Base.lproj/Main.storyboard; sourceTree = "<group>"; };
		1815DAE828AD09FD00E637C0 /* ProtocolDataBinding.xcdatamodel */ = {isa = PBXFileReference; lastKnownFileType = wrapper.xcdatamodel; path = ProtocolDataBinding.xcdatamodel; sourceTree = "<group>"; };
		1815DAEA28AD09FF00E637C0 /* Assets.xcassets */ = {isa = PBXFileReference; lastKnownFileType = folder.assetcatalog; path = Assets.xcassets; sourceTree = "<group>"; };
		1815DAED28AD09FF00E637C0 /* Base */ = {isa = PBXFileReference; lastKnownFileType = file.storyboard; name = Base; path = Base.lproj/LaunchScreen.storyboard; sourceTree = "<group>"; };
		1815DAEF28AD09FF00E637C0 /* Info.plist */ = {isa = PBXFileReference; lastKnownFileType = text.plist.xml; path = Info.plist; sourceTree = "<group>"; };
		1815DAF428AD09FF00E637C0 /* ProtocolDataBindingTests.xctest */ = {isa = PBXFileReference; explicitFileType = wrapper.cfbundle; includeInIndex = 0; path = ProtocolDataBindingTests.xctest; sourceTree = BUILT_PRODUCTS_DIR; };
		1815DAF828AD09FF00E637C0 /* ProtocolDataBindingTests.swift */ = {isa = PBXFileReference; lastKnownFileType = sourcecode.swift; path = ProtocolDataBindingTests.swift; sourceTree = "<group>"; };
		1815DAFE28AD09FF00E637C0 /* ProtocolDataBindingUITests.xctest */ = {isa = PBXFileReference; explicitFileType = wrapper.cfbundle; includeInIndex = 0; path = ProtocolDataBindingUITests.xctest; sourceTree = BUILT_PRODUCTS_DIR; };
		1815DB0228AD09FF00E637C0 /* ProtocolDataBindingUITests.swift */ = {isa = PBXFileReference; lastKnownFileType = sourcecode.swift; path = ProtocolDataBindingUITests.swift; sourceTree = "<group>"; };
		1815DB0428AD09FF00E637C0 /* ProtocolDataBindingUITestsLaunchTests.swift */ = {isa = PBXFileReference; lastKnownFileType = sourcecode.swift; path = ProtocolDataBindingUITestsLaunchTests.swift; sourceTree = "<group>"; };
		1815DB1128AD0A3300E637C0 /* DetayVCViewController.swift */ = {isa = PBXFileReference; lastKnownFileType = sourcecode.swift; path = DetayVCViewController.swift; sourceTree = "<group>"; };
		1815DB1328AD0C2700E637C0 /* Protocols.swift */ = {isa = PBXFileReference; lastKnownFileType = sourcecode.swift; path = Protocols.swift; sourceTree = "<group>"; };
/* End PBXFileReference section */

/* Begin PBXFrameworksBuildPhase section */
		1815DAD828AD09FD00E637C0 /* Frameworks */ = {
			isa = PBXFrameworksBuildPhase;
			buildActionMask = 2147483647;
			files = (
			);
			runOnlyForDeploymentPostprocessing = 0;
		};
		1815DAF128AD09FF00E637C0 /* Frameworks */ = {
			isa = PBXFrameworksBuildPhase;
			buildActionMask = 2147483647;
			files = (
			);
			runOnlyForDeploymentPostprocessing = 0;
		};
		1815DAFB28AD09FF00E637C0 /* Frameworks */ = {
			isa = PBXFrameworksBuildPhase;
			buildActionMask = 2147483647;
			files = (
			);
			runOnlyForDeploymentPostprocessing = 0;
		};
/* End PBXFrameworksBuildPhase section */

/* Begin PBXGroup section */
		1815DAD228AD09FD00E637C0 = {
			isa = PBXGroup;
			children = (
				1815DADD28AD09FD00E637C0 /* ProtocolDataBinding */,
				1815DAF728AD09FF00E637C0 /* ProtocolDataBindingTests */,
				1815DB0128AD09FF00E637C0 /* ProtocolDataBindingUITests */,
				1815DADC28AD09FD00E637C0 /* Products */,
			);
			sourceTree = "<group>";
		};
		1815DADC28AD09FD00E637C0 /* Products */ = {
			isa = PBXGroup;
			children = (
				1815DADB28AD09FD00E637C0 /* ProtocolDataBinding.app */,
				1815DAF428AD09FF00E637C0 /* ProtocolDataBindingTests.xctest */,
				1815DAFE28AD09FF00E637C0 /* ProtocolDataBindingUITests.xctest */,
			);
			name = Products;
			sourceTree = "<group>";
		};
		1815DADD28AD09FD00E637C0 /* ProtocolDataBinding */ = {
			isa = PBXGroup;
			children = (
				1815DADE28AD09FD00E637C0 /* AppDelegate.swift */,
				1815DAE028AD09FD00E637C0 /* SceneDelegate.swift */,
				1815DAE228AD09FD00E637C0 /* ViewController.swift */,
				1815DB1128AD0A3300E637C0 /* DetayVCViewController.swift */,
				1815DB1328AD0C2700E637C0 /* Protocols.swift */,
				1815DAE428AD09FD00E637C0 /* Main.storyboard */,
				1815DAEA28AD09FF00E637C0 /* Assets.xcassets */,
				1815DAEC28AD09FF00E637C0 /* LaunchScreen.storyboard */,
				1815DAEF28AD09FF00E637C0 /* Info.plist */,
				1815DAE728AD09FD00E637C0 /* ProtocolDataBinding.xcdatamodeld */,
			);
			path = ProtocolDataBinding;
			sourceTree = "<group>";
		};
		1815DAF728AD09FF00E637C0 /* ProtocolDataBindingTests */ = {
			isa = PBXGroup;
			children = (
				1815DAF828AD09FF00E637C0 /* ProtocolDataBindingTests.swift */,
			);
			path = ProtocolDataBindingTests;
			sourceTree = "<group>";
		};
		1815DB0128AD09FF00E637C0 /* ProtocolDataBindingUITests */ = {
			isa = PBXGroup;
			children = (
				1815DB0228AD09FF00E637C0 /* ProtocolDataBindingUITests.swift */,
				1815DB0428AD09FF00E637C0 /* ProtocolDataBindingUITestsLaunchTests.swift */,
			);
			path = ProtocolDataBindingUITests;
			sourceTree = "<group>";
		};
/* End PBXGroup section */

/* Begin PBXNativeTarget section */
		1815DADA28AD09FD00E637C0 /* ProtocolDataBinding */ = {
			isa = PBXNativeTarget;
			buildConfigurationList = 1815DB0828AD09FF00E637C0 /* Build configuration list for PBXNativeTarget "ProtocolDataBinding" */;
			buildPhases = (
				1815DAD728AD09FD00E637C0 /* Sources */,
				1815DAD828AD09FD00E637C0 /* Frameworks */,
				1815DAD928AD09FD00E637C0 /* Resources */,
			);
			buildRules = (
			);
			dependencies = (
			);
			name = ProtocolDataBinding;
			productName = ProtocolDataBinding;
			productReference = 1815DADB28AD09FD00E637C0 /* ProtocolDataBinding.app */;
			productType = "com.apple.product-type.application";
		};
		1815DAF328AD09FF00E637C0 /* ProtocolDataBindingTests */ = {
			isa = PBXNativeTarget;
			buildConfigurationList = 1815DB0B28AD09FF00E637C0 /* Build configuration list for PBXNativeTarget "ProtocolDataBindingTests" */;
			buildPhases = (
				1815DAF028AD09FF00E637C0 /* Sources */,
				1815DAF128AD09FF00E637C0 /* Frameworks */,
				1815DAF228AD09FF00E637C0 /* Resources */,
			);
			buildRules = (
			);
			dependencies = (
				1815DAF628AD09FF00E637C0 /* PBXTargetDependency */,
			);
			name = ProtocolDataBindingTests;
			productName = ProtocolDataBindingTests;
			productReference = 1815DAF428AD09FF00E637C0 /* ProtocolDataBindingTests.xctest */;
			productType = "com.apple.product-type.bundle.unit-test";
		};
		1815DAFD28AD09FF00E637C0 /* ProtocolDataBindingUITests */ = {
			isa = PBXNativeTarget;
			buildConfigurationList = 1815DB0E28AD09FF00E637C0 /* Build configuration list for PBXNativeTarget "ProtocolDataBindingUITests" */;
			buildPhases = (
				1815DAFA28AD09FF00E637C0 /* Sources */,
				1815DAFB28AD09FF00E637C0 /* Frameworks */,
				1815DAFC28AD09FF00E637C0 /* Resources */,
			);
			buildRules = (
			);
			dependencies = (
				1815DB0028AD09FF00E637C0 /* PBXTargetDependency */,
			);
			name = ProtocolDataBindingUITests;
			productName = ProtocolDataBindingUITests;
			productReference = 1815DAFE28AD09FF00E637C0 /* ProtocolDataBindingUITests.xctest */;
			productType = "com.apple.product-type.bundle.ui-testing";
		};
/* End PBXNativeTarget section */

/* Begin PBXProject section */
		1815DAD328AD09FD00E637C0 /* Project object */ = {
			isa = PBXProject;
			attributes = {
				BuildIndependentTargetsInParallel = 1;
				LastSwiftUpdateCheck = 1340;
				LastUpgradeCheck = 1340;
				TargetAttributes = {
					1815DADA28AD09FD00E637C0 = {
						CreatedOnToolsVersion = 13.4.1;
					};
					1815DAF328AD09FF00E637C0 = {
						CreatedOnToolsVersion = 13.4.1;
						TestTargetID = 1815DADA28AD09FD00E637C0;
					};
					1815DAFD28AD09FF00E637C0 = {
						CreatedOnToolsVersion = 13.4.1;
						TestTargetID = 1815DADA28AD09FD00E637C0;
					};
				};
			};
			buildConfigurationList = 1815DAD628AD09FD00E637C0 /* Build configuration list for PBXProject "ProtocolDataBinding" */;
			compatibilityVersion = "Xcode 13.0";
			developmentRegion = en;
			hasScannedForEncodings = 0;
			knownRegions = (
				en,
				Base,
			);
			mainGroup = 1815DAD228AD09FD00E637C0;
			productRefGroup = 1815DADC28AD09FD00E637C0 /* Products */;
			projectDirPath = "";
			projectRoot = "";
			targets = (
				1815DADA28AD09FD00E637C0 /* ProtocolDataBinding */,
				1815DAF328AD09FF00E637C0 /* ProtocolDataBindingTests */,
				1815DAFD28AD09FF00E637C0 /* ProtocolDataBindingUITests */,
			);
		};
/* End PBXProject section */

/* Begin PBXResourcesBuildPhase section */
		1815DAD928AD09FD00E637C0 /* Resources */ = {
			isa = PBXResourcesBuildPhase;
			buildActionMask = 2147483647;
			files = (
				1815DAEE28AD09FF00E637C0 /* LaunchScreen.storyboard in Resources */,
				1815DAEB28AD09FF00E637C0 /* Assets.xcassets in Resources */,
				1815DAE628AD09FD00E637C0 /* Main.storyboard in Resources */,
			);
			runOnlyForDeploymentPostprocessing = 0;
		};
		1815DAF228AD09FF00E637C0 /* Resources */ = {
			isa = PBXResourcesBuildPhase;
			buildActionMask = 2147483647;
			files = (
			);
			runOnlyForDeploymentPostprocessing = 0;
		};
		1815DAFC28AD09FF00E637C0 /* Resources */ = {
			isa = PBXResourcesBuildPhase;
			buildActionMask = 2147483647;
			files = (
			);
			runOnlyForDeploymentPostprocessing = 0;
		};
/* End PBXResourcesBuildPhase section */

/* Begin PBXSourcesBuildPhase section */
		1815DAD728AD09FD00E637C0 /* Sources */ = {
			isa = PBXSourcesBuildPhase;
			buildActionMask = 2147483647;
			files = (
				1815DAE328AD09FD00E637C0 /* ViewController.swift in Sources */,
				1815DADF28AD09FD00E637C0 /* AppDelegate.swift in Sources */,
				1815DAE928AD09FD00E637C0 /* ProtocolDataBinding.xcdatamodeld in Sources */,
				1815DB1428AD0C2700E637C0 /* Protocols.swift in Sources */,
				1815DAE128AD09FD00E637C0 /* SceneDelegate.swift in Sources */,
				1815DB1228AD0A3300E637C0 /* DetayVCViewController.swift in Sources */,
			);
			runOnlyForDeploymentPostprocessing = 0;
		};
		1815DAF028AD09FF00E637C0 /* Sources */ = {
			isa = PBXSourcesBuildPhase;
			buildActionMask = 2147483647;
			files = (
				1815DAF928AD09FF00E637C0 /* ProtocolDataBindingTests.swift in Sources */,
			);
			runOnlyForDeploymentPostprocessing = 0;
		};
		1815DAFA28AD09FF00E637C0 /* Sources */ = {
			isa = PBXSourcesBuildPhase;
			buildActionMask = 2147483647;
			files = (
				1815DB0528AD09FF00E637C0 /* ProtocolDataBindingUITestsLaunchTests.swift in Sources */,
				1815DB0328AD09FF00E637C0 /* ProtocolDataBindingUITests.swift in Sources */,
			);
			runOnlyForDeploymentPostprocessing = 0;
		};
/* End PBXSourcesBuildPhase section */

/* Begin PBXTargetDependency section */
		1815DAF628AD09FF00E637C0 /* PBXTargetDependency */ = {
			isa = PBXTargetDependency;
			target = 1815DADA28AD09FD00E637C0 /* ProtocolDataBinding */;
			targetProxy = 1815DAF528AD09FF00E637C0 /* PBXContainerItemProxy */;
		};
		1815DB0028AD09FF00E637C0 /* PBXTargetDependency */ = {
			isa = PBXTargetDependency;
			target = 1815DADA28AD09FD00E637C0 /* ProtocolDataBinding */;
			targetProxy = 1815DAFF28AD09FF00E637C0 /* PBXContainerItemProxy */;
		};
/* End PBXTargetDependency section */

/* Begin PBXVariantGroup section */
		1815DAE428AD09FD00E637C0 /* Main.storyboard */ = {
			isa = PBXVariantGroup;
			children = (
				1815DAE528AD09FD00E637C0 /* Base */,
			);
			name = Main.storyboard;
			sourceTree = "<group>";
		};
		1815DAEC28AD09FF00E637C0 /* LaunchScreen.storyboard */ = {
			isa = PBXVariantGroup;
			children = (
				1815DAED28AD09FF00E637C0 /* Base */,
			);
			name = LaunchScreen.storyboard;
			sourceTree = "<group>";
		};
/* End PBXVariantGroup section */

/* Begin XCBuildConfiguration section */
		1815DB0628AD09FF00E637C0 /* Debug */ = {
			isa = XCBuildConfiguration;
			buildSettings = {
				ALWAYS_SEARCH_USER_PATHS = NO;
				CLANG_ANALYZER_NONNULL = YES;
				CLANG_ANALYZER_NUMBER_OBJECT_CONVERSION = YES_AGGRESSIVE;
				CLANG_CXX_LANGUAGE_STANDARD = "gnu++17";
				CLANG_ENABLE_MODULES = YES;
				CLANG_ENABLE_OBJC_ARC = YES;
				CLANG_ENABLE_OBJC_WEAK = YES;
				CLANG_WARN_BLOCK_CAPTURE_AUTORELEASING = YES;
				CLANG_WARN_BOOL_CONVERSION = YES;
				CLANG_WARN_COMMA = YES;
				CLANG_WARN_CONSTANT_CONVERSION = YES;
				CLANG_WARN_DEPRECATED_OBJC_IMPLEMENTATIONS = YES;
				CLANG_WARN_DIRECT_OBJC_ISA_USAGE = YES_ERROR;
				CLANG_WARN_DOCUMENTATION_COMMENTS = YES;
				CLANG_WARN_EMPTY_BODY = YES;
				CLANG_WARN_ENUM_CONVERSION = YES;
				CLANG_WARN_INFINITE_RECURSION = YES;
				CLANG_WARN_INT_CONVERSION = YES;
				CLANG_WARN_NON_LITERAL_NULL_CONVERSION = YES;
				CLANG_WARN_OBJC_IMPLICIT_RETAIN_SELF = YES;
				CLANG_WARN_OBJC_LITERAL_CONVERSION = YES;
				CLANG_WARN_OBJC_ROOT_CLASS = YES_ERROR;
				CLANG_WARN_QUOTED_INCLUDE_IN_FRAMEWORK_HEADER = YES;
				CLANG_WARN_RANGE_LOOP_ANALYSIS = YES;
				CLANG_WARN_STRICT_PROTOTYPES = YES;
				CLANG_WARN_SUSPICIOUS_MOVE = YES;
				CLANG_WARN_UNGUARDED_AVAILABILITY = YES_AGGRESSIVE;
				CLANG_WARN_UNREACHABLE_CODE = YES;
				CLANG_WARN__DUPLICATE_METHOD_MATCH = YES;
				COPY_PHASE_STRIP = NO;
				DEBUG_INFORMATION_FORMAT = dwarf;
				ENABLE_STRICT_OBJC_MSGSEND = YES;
				ENABLE_TESTABILITY = YES;
				GCC_C_LANGUAGE_STANDARD = gnu11;
				GCC_DYNAMIC_NO_PIC = NO;
				GCC_NO_COMMON_BLOCKS = YES;
				GCC_OPTIMIZATION_LEVEL = 0;
				GCC_PREPROCESSOR_DEFINITIONS = (
					"DEBUG=1",
					"$(inherited)",
				);
				GCC_WARN_64_TO_32_BIT_CONVERSION = YES;
				GCC_WARN_ABOUT_RETURN_TYPE = YES_ERROR;
				GCC_WARN_UNDECLARED_SELECTOR = YES;
				GCC_WARN_UNINITIALIZED_AUTOS = YES_AGGRESSIVE;
				GCC_WARN_UNUSED_FUNCTION = YES;
				GCC_WARN_UNUSED_VARIABLE = YES;
				IPHONEOS_DEPLOYMENT_TARGET = 15.5;
				MTL_ENABLE_DEBUG_INFO = INCLUDE_SOURCE;
				MTL_FAST_MATH = YES;
				ONLY_ACTIVE_ARCH = YES;
				SDKROOT = iphoneos;
				SWIFT_ACTIVE_COMPILATION_CONDITIONS = DEBUG;
				SWIFT_OPTIMIZATION_LEVEL = "-Onone";
			};
			name = Debug;
		};
		1815DB0728AD09FF00E637C0 /* Release */ = {
			isa = XCBuildConfiguration;
			buildSettings = {
				ALWAYS_SEARCH_USER_PATHS = NO;
				CLANG_ANALYZER_NONNULL = YES;
				CLANG_ANALYZER_NUMBER_OBJECT_CONVERSION = YES_AGGRESSIVE;
				CLANG_CXX_LANGUAGE_STANDARD = "gnu++17";
				CLANG_ENABLE_MODULES = YES;
				CLANG_ENABLE_OBJC_ARC = YES;
				CLANG_ENABLE_OBJC_WEAK = YES;
				CLANG_WARN_BLOCK_CAPTURE_AUTORELEASING = YES;
				CLANG_WARN_BOOL_CONVERSION = YES;
				CLANG_WARN_COMMA = YES;
				CLANG_WARN_CONSTANT_CONVERSION = YES;
				CLANG_WARN_DEPRECATED_OBJC_IMPLEMENTATIONS = YES;
				CLANG_WARN_DIRECT_OBJC_ISA_USAGE = YES_ERROR;
				CLANG_WARN_DOCUMENTATION_COMMENTS = YES;
				CLANG_WARN_EMPTY_BODY = YES;
				CLANG_WARN_ENUM_CONVERSION = YES;
				CLANG_WARN_INFINITE_RECURSION = YES;
				CLANG_WARN_INT_CONVERSION = YES;
				CLANG_WARN_NON_LITERAL_NULL_CONVERSION = YES;
				CLANG_WARN_OBJC_IMPLICIT_RETAIN_SELF = YES;
				CLANG_WARN_OBJC_LITERAL_CONVERSION = YES;
				CLANG_WARN_OBJC_ROOT_CLASS = YES_ERROR;
				CLANG_WARN_QUOTED_INCLUDE_IN_FRAMEWORK_HEADER = YES;
				CLANG_WARN_RANGE_LOOP_ANALYSIS = YES;
				CLANG_WARN_STRICT_PROTOTYPES = YES;
				CLANG_WARN_SUSPICIOUS_MOVE = YES;
				CLANG_WARN_UNGUARDED_AVAILABILITY = YES_AGGRESSIVE;
				CLANG_WARN_UNREACHABLE_CODE = YES;
				CLANG_WARN__DUPLICATE_METHOD_MATCH = YES;
				COPY_PHASE_STRIP = NO;
				DEBUG_INFORMATION_FORMAT = "dwarf-with-dsym";
				ENABLE_NS_ASSERTIONS = NO;
				ENABLE_STRICT_OBJC_MSGSEND = YES;
				GCC_C_LANGUAGE_STANDARD = gnu11;
				GCC_NO_COMMON_BLOCKS = YES;
				GCC_WARN_64_TO_32_BIT_CONVERSION = YES;
				GCC_WARN_ABOUT_RETURN_TYPE = YES_ERROR;
				GCC_WARN_UNDECLARED_SELECTOR = YES;
				GCC_WARN_UNINITIALIZED_AUTOS = YES_AGGRESSIVE;
				GCC_WARN_UNUSED_FUNCTION = YES;
				GCC_WARN_UNUSED_VARIABLE = YES;
				IPHONEOS_DEPLOYMENT_TARGET = 15.5;
				MTL_ENABLE_DEBUG_INFO = NO;
				MTL_FAST_MATH = YES;
				SDKROOT = iphoneos;
				SWIFT_COMPILATION_MODE = wholemodule;
				SWIFT_OPTIMIZATION_LEVEL = "-O";
				VALIDATE_PRODUCT = YES;
			};
			name = Release;
		};
		1815DB0928AD09FF00E637C0 /* Debug */ = {
			isa = XCBuildConfiguration;
			buildSettings = {
				ASSETCATALOG_COMPILER_APPICON_NAME = AppIcon;
				ASSETCATALOG_COMPILER_GLOBAL_ACCENT_COLOR_NAME = AccentColor;
				CODE_SIGN_STYLE = Automatic;
				CURRENT_PROJECT_VERSION = 1;
				DEVELOPMENT_TEAM = 6DV7YZY2XY;
				GENERATE_INFOPLIST_FILE = YES;
				INFOPLIST_FILE = ProtocolDataBinding/Info.plist;
				INFOPLIST_KEY_UIApplicationSupportsIndirectInputEvents = YES;
				INFOPLIST_KEY_UILaunchStoryboardName = LaunchScreen;
				INFOPLIST_KEY_UIMainStoryboardFile = Main;
				INFOPLIST_KEY_UISupportedInterfaceOrientations_iPad = "UIInterfaceOrientationPortrait UIInterfaceOrientationPortraitUpsideDown UIInterfaceOrientationLandscapeLeft UIInterfaceOrientationLandscapeRight";
				INFOPLIST_KEY_UISupportedInterfaceOrientations_iPhone = "UIInterfaceOrientationPortrait UIInterfaceOrientationLandscapeLeft UIInterfaceOrientationLandscapeRight";
				LD_RUNPATH_SEARCH_PATHS = (
					"$(inherited)",
					"@executable_path/Frameworks",
				);
				MARKETING_VERSION = 1.0;
				PRODUCT_BUNDLE_IDENTIFIER = com.metinemre.ProtocolDataBinding;
				PRODUCT_NAME = "$(TARGET_NAME)";
				SWIFT_EMIT_LOC_STRINGS = YES;
				SWIFT_VERSION = 5.0;
				TARGETED_DEVICE_FAMILY = "1,2";
			};
			name = Debug;
		};
		1815DB0A28AD09FF00E637C0 /* Release */ = {
			isa = XCBuildConfiguration;
			buildSettings = {
				ASSETCATALOG_COMPILER_APPICON_NAME = AppIcon;
				ASSETCATALOG_COMPILER_GLOBAL_ACCENT_COLOR_NAME = AccentColor;
				CODE_SIGN_STYLE = Automatic;
				CURRENT_PROJECT_VERSION = 1;
				DEVELOPMENT_TEAM = 6DV7YZY2XY;
				GENERATE_INFOPLIST_FILE = YES;
				INFOPLIST_FILE = ProtocolDataBinding/Info.plist;
				INFOPLIST_KEY_UIApplicationSupportsIndirectInputEvents = YES;
				INFOPLIST_KEY_UILaunchStoryboardName = LaunchScreen;
				INFOPLIST_KEY_UIMainStoryboardFile = Main;
				INFOPLIST_KEY_UISupportedInterfaceOrientations_iPad = "UIInterfaceOrientationPortrait UIInterfaceOrientationPortraitUpsideDown UIInterfaceOrientationLandscapeLeft UIInterfaceOrientationLandscapeRight";
				INFOPLIST_KEY_UISupportedInterfaceOrientations_iPhone = "UIInterfaceOrientationPortrait UIInterfaceOrientationLandscapeLeft UIInterfaceOrientationLandscapeRight";
				LD_RUNPATH_SEARCH_PATHS = (
					"$(inherited)",
					"@executable_path/Frameworks",
				);
				MARKETING_VERSION = 1.0;
				PRODUCT_BUNDLE_IDENTIFIER = com.metinemre.ProtocolDataBinding;
				PRODUCT_NAME = "$(TARGET_NAME)";
				SWIFT_EMIT_LOC_STRINGS = YES;
				SWIFT_VERSION = 5.0;
				TARGETED_DEVICE_FAMILY = "1,2";
			};
			name = Release;
		};
		1815DB0C28AD09FF00E637C0 /* Debug */ = {
			isa = XCBuildConfiguration;
			buildSettings = {
				ALWAYS_EMBED_SWIFT_STANDARD_LIBRARIES = YES;
				BUNDLE_LOADER = "$(TEST_HOST)";
				CODE_SIGN_STYLE = Automatic;
				CURRENT_PROJECT_VERSION = 1;
				DEVELOPMENT_TEAM = 6DV7YZY2XY;
				GENERATE_INFOPLIST_FILE = YES;
				IPHONEOS_DEPLOYMENT_TARGET = 15.5;
				MARKETING_VERSION = 1.0;
				PRODUCT_BUNDLE_IDENTIFIER = com.metinemre.ProtocolDataBindingTests;
				PRODUCT_NAME = "$(TARGET_NAME)";
				SWIFT_EMIT_LOC_STRINGS = NO;
				SWIFT_VERSION = 5.0;
				TARGETED_DEVICE_FAMILY = "1,2";
				TEST_HOST = "$(BUILT_PRODUCTS_DIR)/ProtocolDataBinding.app/ProtocolDataBinding";
			};
			name = Debug;
		};
		1815DB0D28AD09FF00E637C0 /* Release */ = {
			isa = XCBuildConfiguration;
			buildSettings = {
				ALWAYS_EMBED_SWIFT_STANDARD_LIBRARIES = YES;
				BUNDLE_LOADER = "$(TEST_HOST)";
				CODE_SIGN_STYLE = Automatic;
				CURRENT_PROJECT_VERSION = 1;
				DEVELOPMENT_TEAM = 6DV7YZY2XY;
				GENERATE_INFOPLIST_FILE = YES;
				IPHONEOS_DEPLOYMENT_TARGET = 15.5;
				MARKETING_VERSION = 1.0;
				PRODUCT_BUNDLE_IDENTIFIER = com.metinemre.ProtocolDataBindingTests;
				PRODUCT_NAME = "$(TARGET_NAME)";
				SWIFT_EMIT_LOC_STRINGS = NO;
				SWIFT_VERSION = 5.0;
				TARGETED_DEVICE_FAMILY = "1,2";
				TEST_HOST = "$(BUILT_PRODUCTS_DIR)/ProtocolDataBinding.app/ProtocolDataBinding";
			};
			name = Release;
		};
		1815DB0F28AD09FF00E637C0 /* Debug */ = {
			isa = XCBuildConfiguration;
			buildSettings = {
				ALWAYS_EMBED_SWIFT_STANDARD_LIBRARIES = YES;
				CODE_SIGN_STYLE = Automatic;
				CURRENT_PROJECT_VERSION = 1;
				DEVELOPMENT_TEAM = 6DV7YZY2XY;
				GENERATE_INFOPLIST_FILE = YES;
				MARKETING_VERSION = 1.0;
				PRODUCT_BUNDLE_IDENTIFIER = com.metinemre.ProtocolDataBindingUITests;
				PRODUCT_NAME = "$(TARGET_NAME)";
				SWIFT_EMIT_LOC_STRINGS = NO;
				SWIFT_VERSION = 5.0;
				TARGETED_DEVICE_FAMILY = "1,2";
				TEST_TARGET_NAME = ProtocolDataBinding;
			};
			name = Debug;
		};
		1815DB1028AD09FF00E637C0 /* Release */ = {
			isa = XCBuildConfiguration;
			buildSettings = {
				ALWAYS_EMBED_SWIFT_STANDARD_LIBRARIES = YES;
				CODE_SIGN_STYLE = Automatic;
				CURRENT_PROJECT_VERSION = 1;
				DEVELOPMENT_TEAM = 6DV7YZY2XY;
				GENERATE_INFOPLIST_FILE = YES;
				MARKETING_VERSION = 1.0;
				PRODUCT_BUNDLE_IDENTIFIER = com.metinemre.ProtocolDataBindingUITests;
				PRODUCT_NAME = "$(TARGET_NAME)";
				SWIFT_EMIT_LOC_STRINGS = NO;
				SWIFT_VERSION = 5.0;
				TARGETED_DEVICE_FAMILY = "1,2";
				TEST_TARGET_NAME = ProtocolDataBinding;
			};
			name = Release;
		};
/* End XCBuildConfiguration section */

/* Begin XCConfigurationList section */
		1815DAD628AD09FD00E637C0 /* Build configuration list for PBXProject "ProtocolDataBinding" */ = {
			isa = XCConfigurationList;
			buildConfigurations = (
				1815DB0628AD09FF00E637C0 /* Debug */,
				1815DB0728AD09FF00E637C0 /* Release */,
			);
			defaultConfigurationIsVisible = 0;
			defaultConfigurationName = Release;
		};
		1815DB0828AD09FF00E637C0 /* Build configuration list for PBXNativeTarget "ProtocolDataBinding" */ = {
			isa = XCConfigurationList;
			buildConfigurations = (
				1815DB0928AD09FF00E637C0 /* Debug */,
				1815DB0A28AD09FF00E637C0 /* Release */,
			);
			defaultConfigurationIsVisible = 0;
			defaultConfigurationName = Release;
		};
		1815DB0B28AD09FF00E637C0 /* Build configuration list for PBXNativeTarget "ProtocolDataBindingTests" */ = {
			isa = XCConfigurationList;
			buildConfigurations = (
				1815DB0C28AD09FF00E637C0 /* Debug */,
				1815DB0D28AD09FF00E637C0 /* Release */,
			);
			defaultConfigurationIsVisible = 0;
			defaultConfigurationName = Release;
		};
		1815DB0E28AD09FF00E637C0 /* Build configuration list for PBXNativeTarget "ProtocolDataBindingUITests" */ = {
			isa = XCConfigurationList;
			buildConfigurations = (
				1815DB0F28AD09FF00E637C0 /* Debug */,
				1815DB1028AD09FF00E637C0 /* Release */,
			);
			defaultConfigurationIsVisible = 0;
			defaultConfigurationName = Release;
		};
/* End XCConfigurationList section */

/* Begin XCVersionGroup section */
		1815DAE728AD09FD00E637C0 /* ProtocolDataBinding.xcdatamodeld */ = {
			isa = XCVersionGroup;
			children = (
				1815DAE828AD09FD00E637C0 /* ProtocolDataBinding.xcdatamodel */,
			);
			currentVersion = 1815DAE828AD09FD00E637C0 /* ProtocolDataBinding.xcdatamodel */;
			path = ProtocolDataBinding.xcdatamodeld;
			sourceTree = "<group>";
			versionGroupType = wrapper.xcdatamodel;
		};
/* End XCVersionGroup section */
	};
	rootObject = 1815DAD328AD09FD00E637C0 /* Project object */;
}
